
Microsoft Visual Studio Solution File, Format Version 12.00
# Visual Studio 15
VisualStudioVersion = 15.0.28307.2092
MinimumVisualStudioVersion = 10.0.40219.1
Project("{FAE04EC0-301F-11D3-BF4B-00C04F79EFBC}") = "capture_tool", "capture_tool\capture_tool.csproj", "{22D38E7B-7FFD-4775-B7E8-A1B2931EB65B}"
EndProject
Project("{2150E333-8FDC-42A3-9474-1A3956D46DE8}") = "Solution Items", "Solution Items", "{F39B15AF-DE20-4E4B-A233-7D8C75F0E17B}"
	ProjectSection(SolutionItems) = preProject
		..\..\..\..\Downloads\closewindowapplication.ico = ..\..\..\..\Downloads\closewindowapplication.ico
		..\..\..\..\Downloads\maximizewindowapplication.ico = ..\..\..\..\Downloads\maximizewindowapplication.ico
		..\..\..\..\Downloads\minimizewindowapplication.ico = ..\..\..\..\Downloads\minimizewindowapplication.ico
		..\..\..\..\Downloads\question_mark_icon_153882.ico = ..\..\..\..\Downloads\question_mark_icon_153882.ico
		..\..\..\Downloads\snipping_tool.ico = ..\..\..\Downloads\snipping_tool.ico
	EndProjectSection
EndProject
Global
	GlobalSection(SolutionConfigurationPlatforms) = preSolution
		Debug|Any CPU = Debug|Any CPU
		Release|Any CPU = Release|Any CPU
	EndGlobalSection
	GlobalSection(ProjectConfigurationPlatforms) = postSolution
		{22D38E7B-7FFD-4775-B7E8-A1B2931EB65B}.Debug|Any CPU.ActiveCfg = Debug|Any CPU
		{22D38E7B-7FFD-4775-B7E8-A1B2931EB65B}.Debug|Any CPU.Build.0 = Debug|Any CPU
		{22D38E7B-7FFD-4775-B7E8-A1B2931EB65B}.Release|Any CPU.ActiveCfg = Release|Any CPU
		{22D38E7B-7FFD-4775-B7E8-A1B2931EB65B}.Release|Any CPU.Build.0 = Release|Any CPU
	EndGlobalSection
	GlobalSection(SolutionProperties) = preSolution
		HideSolutionNode = FALSE
	EndGlobalSection
	GlobalSection(ExtensibilityGlobals) = postSolution
		SolutionGuid = {88A2757B-4EBA-45C9-AAC8-FD092B2F8A99}
	EndGlobalSection
EndGlobal
